
Microsoft Visual Studio Solution File, Format Version 11.00
# Visual Studio 2010
Project("{FAE04EC0-301F-11D3-BF4B-00C04F79EFBC}") = "Chestionar", "Chestionar\Chestionar.csproj", "{91763E42-4701-4F12-B230-775A933FF6EF}"
EndProject
Global
	GlobalSection(SolutionConfigurationPlatforms) = preSolution
		Debug|x86 = Debug|x86
		Release|x86 = Release|x86
	EndGlobalSection
	GlobalSection(ProjectConfigurationPlatforms) = postSolution
		{91763E42-4701-4F12-B230-775A933FF6EF}.Debug|x86.ActiveCfg = Debug|x86
		{91763E42-4701-4F12-B230-775A933FF6EF}.Debug|x86.Build.0 = Debug|x86
		{91763E42-4701-4F12-B230-775A933FF6EF}.Release|x86.ActiveCfg = Release|x86
		{91763E42-4701-4F12-B230-775A933FF6EF}.Release|x86.Build.0 = Release|x86
	EndGlobalSection
	GlobalSection(SolutionProperties) = preSolution
		HideSolutionNode = FALSE
	EndGlobalSection
EndGlobal
